{
  "originHash" : "6c2a314a1c6aea8832e64d5f7d201400847ca2e6046a7fc5ac5c5d4380314e25",
  "pins" : [
    {
      "identity" : "content-scope-scripts",
      "kind" : "remoteSourceControl",
      "location" : "https://github.com/duckduckgo/content-scope-scripts.git",
      "state" : {
        "revision" : "6595e3346449830cac79de569554c8a0adc5852b",
        "version" : "14.2.0"
      }
    },
    {
      "identity" : "duckduckgo-autofill",
      "kind" : "remoteSourceControl",
      "location" : "https://github.com/duckduckgo/duckduckgo-autofill.git",
      "state" : {
        "revision" : "c8ce2e7cdcca4226c96350dcd49323298b941592",
        "version" : "19.0.0"
      }
    },
    {
      "identity" : "jwt-kit",
      "kind" : "remoteSourceControl",
      "location" : "https://github.com/vapor/jwt-kit.git",
      "state" : {
        "revision" : "13e7513b3ba0afa13967daf77af2fb4ad087306c",
        "version" : "4.13.5"
      }
    },
    {
      "identity" : "punycodeswift",
      "kind" : "remoteSourceControl",
      "location" : "https://github.com/gumob/PunycodeSwift.git",
      "state" : {
        "revision" : "30a462bdb4398ea835a3585472229e0d74b36ba5",
        "version" : "3.0.0"
      }
    },
    {
      "identity" : "swift-asn1",
      "kind" : "remoteSourceControl",
      "location" : "https://github.com/apple/swift-asn1.git",
      "state" : {
        "revision" : "eb50cbd14606a9161cbc5d452f18797c90ef0bab",
        "version" : "1.7.0"
      }
    },
    {
      "identity" : "swift-crypto",
      "kind" : "remoteSourceControl",
      "location" : "https://github.com/apple/swift-crypto.git",
      "state" : {
        "revision" : "95ba0316a9b733e92bb6b071255ff46263bbe7dc",
        "version" : "3.15.1"
      }
    },
    {
      "identity" : "trackerradarkit",
      "kind" : "remoteSourceControl",
      "location" : "https://github.com/duckduckgo/TrackerRadarKit.git",
      "state" : {
        "revision" : "6d2db2a50cbd6d0a33d40864953bbef523489b28",
        "version" : "3.1.0"
      }
    }
  ],
  "version" : 3
}
